
Microsoft Visual Studio Solution File, Format Version 12.00
# Visual Studio Version 16
VisualStudioVersion = 16.0.30621.155
MinimumVisualStudioVersion = 10.0.40219.1
Project("{FAE04EC0-301F-11D3-BF4B-00C04F79EFBC}") = "game", "game\game.csproj", "{C977FA3B-065B-408D-A53D-1BFC36BA2F3A}"
EndProject
Global
	GlobalSection(SolutionConfigurationPlatforms) = preSolution
		Debug|Any CPU = Debug|Any CPU
		Release|Any CPU = Release|Any CPU
	EndGlobalSection
	GlobalSection(ProjectConfigurationPlatforms) = postSolution
		{C977FA3B-065B-408D-A53D-1BFC36BA2F3A}.Debug|Any CPU.ActiveCfg = Debug|Any CPU
		{C977FA3B-065B-408D-A53D-1BFC36BA2F3A}.Debug|Any CPU.Build.0 = Debug|Any CPU
		{C977FA3B-065B-408D-A53D-1BFC36BA2F3A}.Release|Any CPU.ActiveCfg = Release|Any CPU
		{C977FA3B-065B-408D-A53D-1BFC36BA2F3A}.Release|Any CPU.Build.0 = Release|Any CPU
	EndGlobalSection
	GlobalSection(SolutionProperties) = preSolution
		HideSolutionNode = FALSE
	EndGlobalSection
	GlobalSection(ExtensibilityGlobals) = postSolution
		SolutionGuid = {6C4AA6A5-B290-432D-928B-AD3C5227FB0B}
	EndGlobalSection
EndGlobal
